// !$*UTF8*$!
{
	archiveVersion = 1;
	classes = {
	};
	objectVersion = 56;
	objects = {

/* Begin PBXBuildFile section */
		9013D551299A2A78000BD610 /* DetailViewController.swift in Sources */ = {isa = PBXBuildFile; fileRef = 9013D550299A2A78000BD610 /* DetailViewController.swift */; };
		9013D553299A4F89000BD610 /* WebViewController.swift in Sources */ = {isa = PBXBuildFile; fileRef = 9013D552299A4F89000BD610 /* WebViewController.swift */; };
		902A2A9D299CD69400860049 /* SaveDataForSingleNews.swift in Sources */ = {isa = PBXBuildFile; fileRef = 902A2A9C299CD69400860049 /* SaveDataForSingleNews.swift */; };
		902A2A9F299CEB6100860049 /* UserDefaults+extension.swift in Sources */ = {isa = PBXBuildFile; fileRef = 902A2A9E299CEB6100860049 /* UserDefaults+extension.swift */; };
		902D5883299B952B00E7B47C /* SaveManager.swift in Sources */ = {isa = PBXBuildFile; fileRef = 902D5882299B952B00E7B47C /* SaveManager.swift */; };
		90C4D78E29950F0A00E60FEB /* AppDelegate.swift in Sources */ = {isa = PBXBuildFile; fileRef = 90C4D78D29950F0A00E60FEB /* AppDelegate.swift */; };
		90C4D79229950F0A00E60FEB /* TableViewController.swift in Sources */ = {isa = PBXBuildFile; fileRef = 90C4D79129950F0A00E60FEB /* TableViewController.swift */; };
		90C4D79729950F0C00E60FEB /* Assets.xcassets in Resources */ = {isa = PBXBuildFile; fileRef = 90C4D79629950F0C00E60FEB /* Assets.xcassets */; };
		90C4D79A29950F0C00E60FEB /* LaunchScreen.storyboard in Resources */ = {isa = PBXBuildFile; fileRef = 90C4D79829950F0C00E60FEB /* LaunchScreen.storyboard */; };
		90C4D7A42995106600E60FEB /* ObjectNewsData.swift in Sources */ = {isa = PBXBuildFile; fileRef = 90C4D7A32995106600E60FEB /* ObjectNewsData.swift */; };
		90C4D7A6299510F200E60FEB /* NewsTableViewCell.swift in Sources */ = {isa = PBXBuildFile; fileRef = 90C4D7A5299510F200E60FEB /* NewsTableViewCell.swift */; };
		90C4D7A829951E4900E60FEB /* NetworkManager.swift in Sources */ = {isa = PBXBuildFile; fileRef = 90C4D7A729951E4900E60FEB /* NetworkManager.swift */; };
		90C4D7AE29953B6900E60FEB /* MapNewsToObject.swift in Sources */ = {isa = PBXBuildFile; fileRef = 90C4D7AD29953B6900E60FEB /* MapNewsToObject.swift */; };
		90C4D7B229953BE600E60FEB /* News.swift in Sources */ = {isa = PBXBuildFile; fileRef = 90C4D7B129953BE600E60FEB /* News.swift */; };
		90C4D7B429953DC200E60FEB /* RequestBuilder.swift in Sources */ = {isa = PBXBuildFile; fileRef = 90C4D7B329953DC200E60FEB /* RequestBuilder.swift */; };
		90CA5B912A5C49B000E6E855 /* CustomeNewsFinderTests.swift in Sources */ = {isa = PBXBuildFile; fileRef = 90CA5B902A5C49B000E6E855 /* CustomeNewsFinderTests.swift */; };
		90FA48272998E0BB0066B53D /* URL+extension.swift in Sources */ = {isa = PBXBuildFile; fileRef = 90FA48262998E0BB0066B53D /* URL+extension.swift */; };
		90FA48292998E0EA0066B53D /* Dictionary+extension.swift in Sources */ = {isa = PBXBuildFile; fileRef = 90FA48282998E0EA0066B53D /* Dictionary+extension.swift */; };
		90FA482E2998EEBE0066B53D /* TableViewController+extension.swift in Sources */ = {isa = PBXBuildFile; fileRef = 90FA482D2998EEBE0066B53D /* TableViewController+extension.swift */; };
		90FA48302998F1F90066B53D /* TableViewModel.swift in Sources */ = {isa = PBXBuildFile; fileRef = 90FA482F2998F1F90066B53D /* TableViewModel.swift */; };
		90FA48322998FD0E0066B53D /* Bindable.swift in Sources */ = {isa = PBXBuildFile; fileRef = 90FA48312998FD0E0066B53D /* Bindable.swift */; };
/* End PBXBuildFile section */

/* Begin PBXContainerItemProxy section */
		90CA5B922A5C49B000E6E855 /* PBXContainerItemProxy */ = {
			isa = PBXContainerItemProxy;
			containerPortal = 90C4D78229950F0A00E60FEB /* Project object */;
			proxyType = 1;
			remoteGlobalIDString = 90C4D78929950F0A00E60FEB;
			remoteInfo = CustomeNewsFinder;
		};
/* End PBXContainerItemProxy section */

/* Begin PBXFileReference section */
		9013D550299A2A78000BD610 /* DetailViewController.swift */ = {isa = PBXFileReference; lastKnownFileType = sourcecode.swift; path = DetailViewController.swift; sourceTree = "<group>"; };
		9013D552299A4F89000BD610 /* WebViewController.swift */ = {isa = PBXFileReference; lastKnownFileType = sourcecode.swift; path = WebViewController.swift; sourceTree = "<group>"; };
		902A2A9C299CD69400860049 /* SaveDataForSingleNews.swift */ = {isa = PBXFileReference; lastKnownFileType = sourcecode.swift; path = SaveDataForSingleNews.swift; sourceTree = "<group>"; };
		902A2A9E299CEB6100860049 /* UserDefaults+extension.swift */ = {isa = PBXFileReference; lastKnownFileType = sourcecode.swift; path = "UserDefaults+extension.swift"; sourceTree = "<group>"; };
		902D5882299B952B00E7B47C /* SaveManager.swift */ = {isa = PBXFileReference; lastKnownFileType = sourcecode.swift; path = SaveManager.swift; sourceTree = "<group>"; };
		90C4D78A29950F0A00E60FEB /* CustomeNewsFinder.app */ = {isa = PBXFileReference; explicitFileType = wrapper.application; includeInIndex = 0; path = CustomeNewsFinder.app; sourceTree = BUILT_PRODUCTS_DIR; };
		90C4D78D29950F0A00E60FEB /* AppDelegate.swift */ = {isa = PBXFileReference; lastKnownFileType = sourcecode.swift; path = AppDelegate.swift; sourceTree = "<group>"; };
		90C4D79129950F0A00E60FEB /* TableViewController.swift */ = {isa = PBXFileReference; lastKnownFileType = sourcecode.swift; path = TableViewController.swift; sourceTree = "<group>"; };
		90C4D79629950F0C00E60FEB /* Assets.xcassets */ = {isa = PBXFileReference; lastKnownFileType = folder.assetcatalog; path = Assets.xcassets; sourceTree = "<group>"; };
		90C4D79929950F0C00E60FEB /* Base */ = {isa = PBXFileReference; lastKnownFileType = file.storyboard; name = Base; path = Base.lproj/LaunchScreen.storyboard; sourceTree = "<group>"; };
		90C4D79B29950F0C00E60FEB /* Info.plist */ = {isa = PBXFileReference; lastKnownFileType = text.plist.xml; path = Info.plist; sourceTree = "<group>"; };
		90C4D7A32995106600E60FEB /* ObjectNewsData.swift */ = {isa = PBXFileReference; lastKnownFileType = sourcecode.swift; path = ObjectNewsData.swift; sourceTree = "<group>"; };
		90C4D7A5299510F200E60FEB /* NewsTableViewCell.swift */ = {isa = PBXFileReference; lastKnownFileType = sourcecode.swift; path = NewsTableViewCell.swift; sourceTree = "<group>"; };
		90C4D7A729951E4900E60FEB /* NetworkManager.swift */ = {isa = PBXFileReference; lastKnownFileType = sourcecode.swift; path = NetworkManager.swift; sourceTree = "<group>"; };
		90C4D7AD29953B6900E60FEB /* MapNewsToObject.swift */ = {isa = PBXFileReference; fileEncoding = 4; lastKnownFileType = sourcecode.swift; path = MapNewsToObject.swift; sourceTree = "<group>"; };
		90C4D7B129953BE600E60FEB /* News.swift */ = {isa = PBXFileReference; fileEncoding = 4; lastKnownFileType = sourcecode.swift; path = News.swift; sourceTree = "<group>"; };
		90C4D7B329953DC200E60FEB /* RequestBuilder.swift */ = {isa = PBXFileReference; fileEncoding = 4; lastKnownFileType = sourcecode.swift; path = RequestBuilder.swift; sourceTree = "<group>"; };
		90CA5B8E2A5C49B000E6E855 /* CustomeNewsFinderTests.xctest */ = {isa = PBXFileReference; explicitFileType = wrapper.cfbundle; includeInIndex = 0; path = CustomeNewsFinderTests.xctest; sourceTree = BUILT_PRODUCTS_DIR; };
		90CA5B902A5C49B000E6E855 /* CustomeNewsFinderTests.swift */ = {isa = PBXFileReference; lastKnownFileType = sourcecode.swift; path = CustomeNewsFinderTests.swift; sourceTree = "<group>"; };
		90FA48262998E0BB0066B53D /* URL+extension.swift */ = {isa = PBXFileReference; lastKnownFileType = sourcecode.swift; path = "URL+extension.swift"; sourceTree = "<group>"; };
		90FA48282998E0EA0066B53D /* Dictionary+extension.swift */ = {isa = PBXFileReference; lastKnownFileType = sourcecode.swift; path = "Dictionary+extension.swift"; sourceTree = "<group>"; };
		90FA482D2998EEBE0066B53D /* TableViewController+extension.swift */ = {isa = PBXFileReference; lastKnownFileType = sourcecode.swift; path = "TableViewController+extension.swift"; sourceTree = "<group>"; };
		90FA482F2998F1F90066B53D /* TableViewModel.swift */ = {isa = PBXFileReference; lastKnownFileType = sourcecode.swift; path = TableViewModel.swift; sourceTree = "<group>"; };
		90FA48312998FD0E0066B53D /* Bindable.swift */ = {isa = PBXFileReference; lastKnownFileType = sourcecode.swift; path = Bindable.swift; sourceTree = "<group>"; };
/* End PBXFileReference section */

/* Begin PBXFrameworksBuildPhase section */
		90C4D78729950F0A00E60FEB /* Frameworks */ = {
			isa = PBXFrameworksBuildPhase;
			buildActionMask = 2147483647;
			files = (
			);
			runOnlyForDeploymentPostprocessing = 0;
		};
		90CA5B8B2A5C49B000E6E855 /* Frameworks */ = {
			isa = PBXFrameworksBuildPhase;
			buildActionMask = 2147483647;
			files = (
			);
			runOnlyForDeploymentPostprocessing = 0;
		};
/* End PBXFrameworksBuildPhase section */

/* Begin PBXGroup section */
		9013D554299A58EB000BD610 /* TableViewCell */ = {
			isa = PBXGroup;
			children = (
				90C4D7A5299510F200E60FEB /* NewsTableViewCell.swift */,
			);
			path = TableViewCell;
			sourceTree = "<group>";
		};
		9013D555299A591A000BD610 /* ObjectNewsData */ = {
			isa = PBXGroup;
			children = (
				90C4D7A32995106600E60FEB /* ObjectNewsData.swift */,
			);
			path = ObjectNewsData;
			sourceTree = "<group>";
		};
		902D5884299B955800E7B47C /* Managers */ = {
			isa = PBXGroup;
			children = (
				902D5882299B952B00E7B47C /* SaveManager.swift */,
				90C4D7A729951E4900E60FEB /* NetworkManager.swift */,
				90FA482B2998EE0B0066B53D /* NetworkSupport */,
			);
			path = Managers;
			sourceTree = "<group>";
		};
		903C690729E80F14008C6358 /* userDefaults */ = {
			isa = PBXGroup;
			children = (
				902A2A9E299CEB6100860049 /* UserDefaults+extension.swift */,
				902A2A9C299CD69400860049 /* SaveDataForSingleNews.swift */,
			);
			path = userDefaults;
			sourceTree = "<group>";
		};
		90C4D78129950F0A00E60FEB = {
			isa = PBXGroup;
			children = (
				90C4D78C29950F0A00E60FEB /* CustomeNewsFinder */,
				90CA5B8F2A5C49B000E6E855 /* CustomeNewsFinderTests */,
				90C4D78B29950F0A00E60FEB /* Products */,
			);
			sourceTree = "<group>";
		};
		90C4D78B29950F0A00E60FEB /* Products */ = {
			isa = PBXGroup;
			children = (
				90C4D78A29950F0A00E60FEB /* CustomeNewsFinder.app */,
				90CA5B8E2A5C49B000E6E855 /* CustomeNewsFinderTests.xctest */,
			);
			name = Products;
			sourceTree = "<group>";
		};
		90C4D78C29950F0A00E60FEB /* CustomeNewsFinder */ = {
			isa = PBXGroup;
			children = (
				902D5884299B955800E7B47C /* Managers */,
				90FA482A2998EDEA0066B53D /* Controllers */,
				9013D555299A591A000BD610 /* ObjectNewsData */,
				9013D554299A58EB000BD610 /* TableViewCell */,
				90FA482C2998EE740066B53D /* extensions */,
				90C4D79829950F0C00E60FEB /* LaunchScreen.storyboard */,
				90C4D78D29950F0A00E60FEB /* AppDelegate.swift */,
				90C4D79629950F0C00E60FEB /* Assets.xcassets */,
				90C4D79B29950F0C00E60FEB /* Info.plist */,
			);
			path = CustomeNewsFinder;
			sourceTree = "<group>";
		};
		90CA5B8F2A5C49B000E6E855 /* CustomeNewsFinderTests */ = {
			isa = PBXGroup;
			children = (
				90CA5B902A5C49B000E6E855 /* CustomeNewsFinderTests.swift */,
			);
			path = CustomeNewsFinderTests;
			sourceTree = "<group>";
		};
		90FA482A2998EDEA0066B53D /* Controllers */ = {
			isa = PBXGroup;
			children = (
				90FA482F2998F1F90066B53D /* TableViewModel.swift */,
				90C4D79129950F0A00E60FEB /* TableViewController.swift */,
				9013D550299A2A78000BD610 /* DetailViewController.swift */,
				9013D552299A4F89000BD610 /* WebViewController.swift */,
				90FA48312998FD0E0066B53D /* Bindable.swift */,
			);
			path = Controllers;
			sourceTree = "<group>";
		};
		90FA482B2998EE0B0066B53D /* NetworkSupport */ = {
			isa = PBXGroup;
			children = (
				90C4D7B329953DC200E60FEB /* RequestBuilder.swift */,
				90C4D7AD29953B6900E60FEB /* MapNewsToObject.swift */,
				90C4D7B129953BE600E60FEB /* News.swift */,
			);
			path = NetworkSupport;
			sourceTree = "<group>";
		};
		90FA482C2998EE740066B53D /* extensions */ = {
			isa = PBXGroup;
			children = (
				90FA48262998E0BB0066B53D /* URL+extension.swift */,
				90FA48282998E0EA0066B53D /* Dictionary+extension.swift */,
				903C690729E80F14008C6358 /* userDefaults */,
				90FA482D2998EEBE0066B53D /* TableViewController+extension.swift */,
			);
			path = extensions;
			sourceTree = "<group>";
		};
/* End PBXGroup section */

/* Begin PBXNativeTarget section */
		90C4D78929950F0A00E60FEB /* CustomeNewsFinder */ = {
			isa = PBXNativeTarget;
			buildConfigurationList = 90C4D79E29950F0C00E60FEB /* Build configuration list for PBXNativeTarget "CustomeNewsFinder" */;
			buildPhases = (
				90C4D78629950F0A00E60FEB /* Sources */,
				90C4D78729950F0A00E60FEB /* Frameworks */,
				90C4D78829950F0A00E60FEB /* Resources */,
			);
			buildRules = (
			);
			dependencies = (
			);
			name = CustomeNewsFinder;
			productName = CustomeNewsFinder;
			productReference = 90C4D78A29950F0A00E60FEB /* CustomeNewsFinder.app */;
			productType = "com.apple.product-type.application";
		};
		90CA5B8D2A5C49B000E6E855 /* CustomeNewsFinderTests */ = {
			isa = PBXNativeTarget;
			buildConfigurationList = 90CA5B942A5C49B000E6E855 /* Build configuration list for PBXNativeTarget "CustomeNewsFinderTests" */;
			buildPhases = (
				90CA5B8A2A5C49B000E6E855 /* Sources */,
				90CA5B8B2A5C49B000E6E855 /* Frameworks */,
				90CA5B8C2A5C49B000E6E855 /* Resources */,
			);
			buildRules = (
			);
			dependencies = (
				90CA5B932A5C49B000E6E855 /* PBXTargetDependency */,
			);
			name = CustomeNewsFinderTests;
			productName = CustomeNewsFinderTests;
			productReference = 90CA5B8E2A5C49B000E6E855 /* CustomeNewsFinderTests.xctest */;
			productType = "com.apple.product-type.bundle.unit-test";
		};
/* End PBXNativeTarget section */

/* Begin PBXProject section */
		90C4D78229950F0A00E60FEB /* Project object */ = {
			isa = PBXProject;
			attributes = {
				BuildIndependentTargetsInParallel = 1;
				LastSwiftUpdateCheck = 1430;
				LastUpgradeCheck = 1420;
				TargetAttributes = {
					90C4D78929950F0A00E60FEB = {
						CreatedOnToolsVersion = 14.2;
					};
					90CA5B8D2A5C49B000E6E855 = {
						CreatedOnToolsVersion = 14.3.1;
						TestTargetID = 90C4D78929950F0A00E60FEB;
					};
				};
			};
			buildConfigurationList = 90C4D78529950F0A00E60FEB /* Build configuration list for PBXProject "CustomeNewsFinder" */;
			compatibilityVersion = "Xcode 14.0";
			developmentRegion = en;
			hasScannedForEncodings = 0;
			knownRegions = (
				en,
				Base,
			);
			mainGroup = 90C4D78129950F0A00E60FEB;
			productRefGroup = 90C4D78B29950F0A00E60FEB /* Products */;
			projectDirPath = "";
			projectRoot = "";
			targets = (
				90C4D78929950F0A00E60FEB /* CustomeNewsFinder */,
				90CA5B8D2A5C49B000E6E855 /* CustomeNewsFinderTests */,
			);
		};
/* End PBXProject section */

/* Begin PBXResourcesBuildPhase section */
		90C4D78829950F0A00E60FEB /* Resources */ = {
			isa = PBXResourcesBuildPhase;
			buildActionMask = 2147483647;
			files = (
				90C4D79A29950F0C00E60FEB /* LaunchScreen.storyboard in Resources */,
				90C4D79729950F0C00E60FEB /* Assets.xcassets in Resources */,
			);
			runOnlyForDeploymentPostprocessing = 0;
		};
		90CA5B8C2A5C49B000E6E855 /* Resources */ = {
			isa = PBXResourcesBuildPhase;
			buildActionMask = 2147483647;
			files = (
			);
			runOnlyForDeploymentPostprocessing = 0;
		};
/* End PBXResourcesBuildPhase section */

/* Begin PBXSourcesBuildPhase section */
		90C4D78629950F0A00E60FEB /* Sources */ = {
			isa = PBXSourcesBuildPhase;
			buildActionMask = 2147483647;
			files = (
				90FA48322998FD0E0066B53D /* Bindable.swift in Sources */,
				902A2A9D299CD69400860049 /* SaveDataForSingleNews.swift in Sources */,
				9013D551299A2A78000BD610 /* DetailViewController.swift in Sources */,
				90C4D79229950F0A00E60FEB /* TableViewController.swift in Sources */,
				90C4D78E29950F0A00E60FEB /* AppDelegate.swift in Sources */,
				90C4D7B229953BE600E60FEB /* News.swift in Sources */,
				90FA48292998E0EA0066B53D /* Dictionary+extension.swift in Sources */,
				902D5883299B952B00E7B47C /* SaveManager.swift in Sources */,
				90FA48272998E0BB0066B53D /* URL+extension.swift in Sources */,
				90C4D7A829951E4900E60FEB /* NetworkManager.swift in Sources */,
				902A2A9F299CEB6100860049 /* UserDefaults+extension.swift in Sources */,
				90C4D7A6299510F200E60FEB /* NewsTableViewCell.swift in Sources */,
				90C4D7A42995106600E60FEB /* ObjectNewsData.swift in Sources */,
				90C4D7AE29953B6900E60FEB /* MapNewsToObject.swift in Sources */,
				90FA482E2998EEBE0066B53D /* TableViewController+extension.swift in Sources */,
				90FA48302998F1F90066B53D /* TableViewModel.swift in Sources */,
				9013D553299A4F89000BD610 /* WebViewController.swift in Sources */,
				90C4D7B429953DC200E60FEB /* RequestBuilder.swift in Sources */,
			);
			runOnlyForDeploymentPostprocessing = 0;
		};
		90CA5B8A2A5C49B000E6E855 /* Sources */ = {
			isa = PBXSourcesBuildPhase;
			buildActionMask = 2147483647;
			files = (
				90CA5B912A5C49B000E6E855 /* CustomeNewsFinderTests.swift in Sources */,
			);
			runOnlyForDeploymentPostprocessing = 0;
		};
/* End PBXSourcesBuildPhase section */

/* Begin PBXTargetDependency section */
		90CA5B932A5C49B000E6E855 /* PBXTargetDependency */ = {
			isa = PBXTargetDependency;
			target = 90C4D78929950F0A00E60FEB /* CustomeNewsFinder */;
			targetProxy = 90CA5B922A5C49B000E6E855 /* PBXContainerItemProxy */;
		};
/* End PBXTargetDependency section */

/* Begin PBXVariantGroup section */
		90C4D79829950F0C00E60FEB /* LaunchScreen.storyboard */ = {
			isa = PBXVariantGroup;
			children = (
				90C4D79929950F0C00E60FEB /* Base */,
			);
			name = LaunchScreen.storyboard;
			sourceTree = "<group>";
		};
/* End PBXVariantGroup section */

/* Begin XCBuildConfiguration section */
		90C4D79C29950F0C00E60FEB /* Debug */ = {
			isa = XCBuildConfiguration;
			buildSettings = {
				ALWAYS_SEARCH_USER_PATHS = NO;
				CLANG_ANALYZER_NONNULL = YES;
				CLANG_ANALYZER_NUMBER_OBJECT_CONVERSION = YES_AGGRESSIVE;
				CLANG_CXX_LANGUAGE_STANDARD = "gnu++20";
				CLANG_ENABLE_MODULES = YES;
				CLANG_ENABLE_OBJC_ARC = YES;
				CLANG_ENABLE_OBJC_WEAK = YES;
				CLANG_WARN_BLOCK_CAPTURE_AUTORELEASING = YES;
				CLANG_WARN_BOOL_CONVERSION = YES;
				CLANG_WARN_COMMA = YES;
				CLANG_WARN_CONSTANT_CONVERSION = YES;
				CLANG_WARN_DEPRECATED_OBJC_IMPLEMENTATIONS = YES;
				CLANG_WARN_DIRECT_OBJC_ISA_USAGE = YES_ERROR;
				CLANG_WARN_DOCUMENTATION_COMMENTS = YES;
				CLANG_WARN_EMPTY_BODY = YES;
				CLANG_WARN_ENUM_CONVERSION = YES;
				CLANG_WARN_INFINITE_RECURSION = YES;
				CLANG_WARN_INT_CONVERSION = YES;
				CLANG_WARN_NON_LITERAL_NULL_CONVERSION = YES;
				CLANG_WARN_OBJC_IMPLICIT_RETAIN_SELF = YES;
				CLANG_WARN_OBJC_LITERAL_CONVERSION = YES;
				CLANG_WARN_OBJC_ROOT_CLASS = YES_ERROR;
				CLANG_WARN_QUOTED_INCLUDE_IN_FRAMEWORK_HEADER = YES;
				CLANG_WARN_RANGE_LOOP_ANALYSIS = YES;
				CLANG_WARN_STRICT_PROTOTYPES = YES;
				CLANG_WARN_SUSPICIOUS_MOVE = YES;
				CLANG_WARN_UNGUARDED_AVAILABILITY = YES_AGGRESSIVE;
				CLANG_WARN_UNREACHABLE_CODE = YES;
				CLANG_WARN__DUPLICATE_METHOD_MATCH = YES;
				COPY_PHASE_STRIP = NO;
				DEBUG_INFORMATION_FORMAT = dwarf;
				ENABLE_STRICT_OBJC_MSGSEND = YES;
				ENABLE_TESTABILITY = YES;
				GCC_C_LANGUAGE_STANDARD = gnu11;
				GCC_DYNAMIC_NO_PIC = NO;
				GCC_NO_COMMON_BLOCKS = YES;
				GCC_OPTIMIZATION_LEVEL = 0;
				GCC_PREPROCESSOR_DEFINITIONS = (
					"DEBUG=1",
					"$(inherited)",
				);
				GCC_WARN_64_TO_32_BIT_CONVERSION = YES;
				GCC_WARN_ABOUT_RETURN_TYPE = YES_ERROR;
				GCC_WARN_UNDECLARED_SELECTOR = YES;
				GCC_WARN_UNINITIALIZED_AUTOS = YES_AGGRESSIVE;
				GCC_WARN_UNUSED_FUNCTION = YES;
				GCC_WARN_UNUSED_VARIABLE = YES;
				IPHONEOS_DEPLOYMENT_TARGET = 14.0;
				MTL_ENABLE_DEBUG_INFO = INCLUDE_SOURCE;
				MTL_FAST_MATH = YES;
				ONLY_ACTIVE_ARCH = YES;
				SDKROOT = iphoneos;
				SWIFT_ACTIVE_COMPILATION_CONDITIONS = DEBUG;
				SWIFT_OPTIMIZATION_LEVEL = "-Onone";
			};
			name = Debug;
		};
		90C4D79D29950F0C00E60FEB /* Release */ = {
			isa = XCBuildConfiguration;
			buildSettings = {
				ALWAYS_SEARCH_USER_PATHS = NO;
				CLANG_ANALYZER_NONNULL = YES;
				CLANG_ANALYZER_NUMBER_OBJECT_CONVERSION = YES_AGGRESSIVE;
				CLANG_CXX_LANGUAGE_STANDARD = "gnu++20";
				CLANG_ENABLE_MODULES = YES;
				CLANG_ENABLE_OBJC_ARC = YES;
				CLANG_ENABLE_OBJC_WEAK = YES;
				CLANG_WARN_BLOCK_CAPTURE_AUTORELEASING = YES;
				CLANG_WARN_BOOL_CONVERSION = YES;
				CLANG_WARN_COMMA = YES;
				CLANG_WARN_CONSTANT_CONVERSION = YES;
				CLANG_WARN_DEPRECATED_OBJC_IMPLEMENTATIONS = YES;
				CLANG_WARN_DIRECT_OBJC_ISA_USAGE = YES_ERROR;
				CLANG_WARN_DOCUMENTATION_COMMENTS = YES;
				CLANG_WARN_EMPTY_BODY = YES;
				CLANG_WARN_ENUM_CONVERSION = YES;
				CLANG_WARN_INFINITE_RECURSION = YES;
				CLANG_WARN_INT_CONVERSION = YES;
				CLANG_WARN_NON_LITERAL_NULL_CONVERSION = YES;
				CLANG_WARN_OBJC_IMPLICIT_RETAIN_SELF = YES;
				CLANG_WARN_OBJC_LITERAL_CONVERSION = YES;
				CLANG_WARN_OBJC_ROOT_CLASS = YES_ERROR;
				CLANG_WARN_QUOTED_INCLUDE_IN_FRAMEWORK_HEADER = YES;
				CLANG_WARN_RANGE_LOOP_ANALYSIS = YES;
				CLANG_WARN_STRICT_PROTOTYPES = YES;
				CLANG_WARN_SUSPICIOUS_MOVE = YES;
				CLANG_WARN_UNGUARDED_AVAILABILITY = YES_AGGRESSIVE;
				CLANG_WARN_UNREACHABLE_CODE = YES;
				CLANG_WARN__DUPLICATE_METHOD_MATCH = YES;
				COPY_PHASE_STRIP = NO;
				DEBUG_INFORMATION_FORMAT = "dwarf-with-dsym";
				ENABLE_NS_ASSERTIONS = NO;
				ENABLE_STRICT_OBJC_MSGSEND = YES;
				GCC_C_LANGUAGE_STANDARD = gnu11;
				GCC_NO_COMMON_BLOCKS = YES;
				GCC_WARN_64_TO_32_BIT_CONVERSION = YES;
				GCC_WARN_ABOUT_RETURN_TYPE = YES_ERROR;
				GCC_WARN_UNDECLARED_SELECTOR = YES;
				GCC_WARN_UNINITIALIZED_AUTOS = YES_AGGRESSIVE;
				GCC_WARN_UNUSED_FUNCTION = YES;
				GCC_WARN_UNUSED_VARIABLE = YES;
				IPHONEOS_DEPLOYMENT_TARGET = 14.0;
				MTL_ENABLE_DEBUG_INFO = NO;
				MTL_FAST_MATH = YES;
				SDKROOT = iphoneos;
				SWIFT_COMPILATION_MODE = wholemodule;
				SWIFT_OPTIMIZATION_LEVEL = "-O";
				VALIDATE_PRODUCT = YES;
			};
			name = Release;
		};
		90C4D79F29950F0C00E60FEB /* Debug */ = {
			isa = XCBuildConfiguration;
			buildSettings = {
				ASSETCATALOG_COMPILER_APPICON_NAME = AppIcon;
				ASSETCATALOG_COMPILER_GLOBAL_ACCENT_COLOR_NAME = AccentColor;
				CODE_SIGN_STYLE = Automatic;
				CURRENT_PROJECT_VERSION = 1;
				DEVELOPMENT_TEAM = 4X682UQSZR;
				GENERATE_INFOPLIST_FILE = YES;
				INFOPLIST_FILE = CustomeNewsFinder/Info.plist;
				INFOPLIST_KEY_UIApplicationSupportsIndirectInputEvents = YES;
				INFOPLIST_KEY_UILaunchStoryboardName = LaunchScreen;
				INFOPLIST_KEY_UISupportedInterfaceOrientations = UIInterfaceOrientationPortrait;
				INFOPLIST_KEY_UISupportedInterfaceOrientations_iPad = "UIInterfaceOrientationLandscapeLeft UIInterfaceOrientationLandscapeRight UIInterfaceOrientationPortrait UIInterfaceOrientationPortraitUpsideDown";
				IPHONEOS_DEPLOYMENT_TARGET = 14.0;
				LD_RUNPATH_SEARCH_PATHS = (
					"$(inherited)",
					"@executable_path/Frameworks",
				);
				MARKETING_VERSION = 1.0;
				PRODUCT_BUNDLE_IDENTIFIER = alex.CustomeNewsFinder;
				PRODUCT_NAME = "$(TARGET_NAME)";
				SUPPORTED_PLATFORMS = "iphoneos iphonesimulator";
				SUPPORTS_MACCATALYST = NO;
				SUPPORTS_MAC_DESIGNED_FOR_IPHONE_IPAD = NO;
				SWIFT_EMIT_LOC_STRINGS = YES;
				SWIFT_VERSION = 5.0;
				TARGETED_DEVICE_FAMILY = 1;
			};
			name = Debug;
		};
		90C4D7A029950F0C00E60FEB /* Release */ = {
			isa = XCBuildConfiguration;
			buildSettings = {
				ASSETCATALOG_COMPILER_APPICON_NAME = AppIcon;
				ASSETCATALOG_COMPILER_GLOBAL_ACCENT_COLOR_NAME = AccentColor;
				CODE_SIGN_STYLE = Automatic;
				CURRENT_PROJECT_VERSION = 1;
				DEVELOPMENT_TEAM = 4X682UQSZR;
				GENERATE_INFOPLIST_FILE = YES;
				INFOPLIST_FILE = CustomeNewsFinder/Info.plist;
				INFOPLIST_KEY_UIApplicationSupportsIndirectInputEvents = YES;
				INFOPLIST_KEY_UILaunchStoryboardName = LaunchScreen;
				INFOPLIST_KEY_UISupportedInterfaceOrientations = UIInterfaceOrientationPortrait;
				INFOPLIST_KEY_UISupportedInterfaceOrientations_iPad = "UIInterfaceOrientationLandscapeLeft UIInterfaceOrientationLandscapeRight UIInterfaceOrientationPortrait UIInterfaceOrientationPortraitUpsideDown";
				IPHONEOS_DEPLOYMENT_TARGET = 14.0;
				LD_RUNPATH_SEARCH_PATHS = (
					"$(inherited)",
					"@executable_path/Frameworks",
				);
				MARKETING_VERSION = 1.0;
				PRODUCT_BUNDLE_IDENTIFIER = alex.CustomeNewsFinder;
				PRODUCT_NAME = "$(TARGET_NAME)";
				SUPPORTED_PLATFORMS = "iphoneos iphonesimulator";
				SUPPORTS_MACCATALYST = NO;
				SUPPORTS_MAC_DESIGNED_FOR_IPHONE_IPAD = NO;
				SWIFT_EMIT_LOC_STRINGS = YES;
				SWIFT_VERSION = 5.0;
				TARGETED_DEVICE_FAMILY = 1;
			};
			name = Release;
		};
		90CA5B952A5C49B000E6E855 /* Debug */ = {
			isa = XCBuildConfiguration;
			buildSettings = {
				BUNDLE_LOADER = "$(TEST_HOST)";
				CODE_SIGN_STYLE = Automatic;
				CURRENT_PROJECT_VERSION = 1;
				DEVELOPMENT_TEAM = 4X682UQSZR;
				GENERATE_INFOPLIST_FILE = YES;
				IPHONEOS_DEPLOYMENT_TARGET = 16.4;
				MACOSX_DEPLOYMENT_TARGET = 13.3;
				MARKETING_VERSION = 1.0;
				PRODUCT_BUNDLE_IDENTIFIER = alex.CustomeNewsFinder;
				PRODUCT_NAME = "$(TARGET_NAME)";
				SDKROOT = auto;
				SUPPORTED_PLATFORMS = "iphoneos iphonesimulator macosx";
				SWIFT_EMIT_LOC_STRINGS = NO;
				SWIFT_VERSION = 5.0;
				TARGETED_DEVICE_FAMILY = "1,2";
				TEST_HOST = "$(BUILT_PRODUCTS_DIR)/CustomeNewsFinder.app/$(BUNDLE_EXECUTABLE_FOLDER_PATH)/CustomeNewsFinder";
			};
			name = Debug;
		};
		90CA5B962A5C49B000E6E855 /* Release */ = {
			isa = XCBuildConfiguration;
			buildSettings = {
				BUNDLE_LOADER = "$(TEST_HOST)";
				CODE_SIGN_STYLE = Automatic;
				CURRENT_PROJECT_VERSION = 1;
				DEVELOPMENT_TEAM = 4X682UQSZR;
				GENERATE_INFOPLIST_FILE = YES;
				IPHONEOS_DEPLOYMENT_TARGET = 16.4;
				MACOSX_DEPLOYMENT_TARGET = 13.3;
				MARKETING_VERSION = 1.0;
				PRODUCT_BUNDLE_IDENTIFIER = alex.CustomeNewsFinder;
				PRODUCT_NAME = "$(TARGET_NAME)";
				SDKROOT = auto;
				SUPPORTED_PLATFORMS = "iphoneos iphonesimulator macosx";
				SWIFT_EMIT_LOC_STRINGS = NO;
				SWIFT_VERSION = 5.0;
				TARGETED_DEVICE_FAMILY = "1,2";
				TEST_HOST = "$(BUILT_PRODUCTS_DIR)/CustomeNewsFinder.app/$(BUNDLE_EXECUTABLE_FOLDER_PATH)/CustomeNewsFinder";
			};
			name = Release;
		};
/* End XCBuildConfiguration section */

/* Begin XCConfigurationList section */
		90C4D78529950F0A00E60FEB /* Build configuration list for PBXProject "CustomeNewsFinder" */ = {
			isa = XCConfigurationList;
			buildConfigurations = (
				90C4D79C29950F0C00E60FEB /* Debug */,
				90C4D79D29950F0C00E60FEB /* Release */,
			);
			defaultConfigurationIsVisible = 0;
			defaultConfigurationName = Release;
		};
		90C4D79E29950F0C00E60FEB /* Build configuration list for PBXNativeTarget "CustomeNewsFinder" */ = {
			isa = XCConfigurationList;
			buildConfigurations = (
				90C4D79F29950F0C00E60FEB /* Debug */,
				90C4D7A029950F0C00E60FEB /* Release */,
			);
			defaultConfigurationIsVisible = 0;
			defaultConfigurationName = Release;
		};
		90CA5B942A5C49B000E6E855 /* Build configuration list for PBXNativeTarget "CustomeNewsFinderTests" */ = {
			isa = XCConfigurationList;
			buildConfigurations = (
				90CA5B952A5C49B000E6E855 /* Debug */,
				90CA5B962A5C49B000E6E855 /* Release */,
			);
			defaultConfigurationIsVisible = 0;
			defaultConfigurationName = Release;
		};
/* End XCConfigurationList section */
	};
	rootObject = 90C4D78229950F0A00E60FEB /* Project object */;
}
